dependencies:
  '@types/node': 14.0.27
  commander: 6.0.0
  prettier: 2.0.5
  typescript: 3.9.7
  vm2: 3.9.2
lockfileVersion: 5.1
packages:
  /@types/node/14.0.27:
    dev: false
    resolution:
      integrity: sha512-kVrqXhbclHNHGu9ztnAwSncIgJv/FaxmzXJvGXNdcCpV1b8u1/Mi6z6m0vwy0LzKeXFTPLH0NzwmoJ3fNCIq0g==
  /commander/6.0.0:
    dev: false
    engines:
      node: '>= 6'
    resolution:
      integrity: sha512-s7EA+hDtTYNhuXkTlhqew4txMZVdszBmKWSPEMxGr8ru8JXR7bLUFIAtPhcSuFdJQ0ILMxnJi8GkQL0yvDy/YA==
  /prettier/2.0.5:
    dev: false
    engines:
      node: '>=10.13.0'
    hasBin: true
    resolution:
      integrity: sha512-7PtVymN48hGcO4fGjybyBSIWDsLU4H4XlvOHfq91pz9kkGlonzwTfYkaIEwiRg/dAJF9YlbsduBAgtYLi+8cFg==
  /typescript/3.9.7:
    dev: false
    engines:
      node: '>=4.2.0'
    hasBin: true
    resolution:
      integrity: sha512-BLbiRkiBzAwsjut4x/dsibSTB6yWpwT5qWmC2OfuCg3GgVQCSgMs4vEctYPhsaGtd0AeuuHMkjZ2h2WG8MSzRw==
  /vm2/3.9.2:
    dev: false
    engines:
      node: '>=6.0'
    hasBin: true
    resolution:
      integrity: sha512-nzyFmHdy2FMg7mYraRytc2jr4QBaUY3TEGe3q3bK8EgS9WC98wxn2jrPxS/ruWm+JGzrEIIeufKweQzVoQEd+Q==
specifiers:
  '@types/node': ^14.0.27
  commander: ^6.0.0
  prettier: ^2.0.5
  typescript: ^3.9.7
  vm2: ^3.9.2
